
Microsoft Visual Studio Solution File, Format Version 12.00
# Visual Studio Version 17
VisualStudioVersion = 17.5.002.0
MinimumVisualStudioVersion = 10.0.40219.1
Project("{9A19103F-16F7-4668-BE54-9A1E7A4F7556}") = "xml-file", "xml-file.csproj", "{55BDF8BC-8AFD-4D4D-90B9-F6443AD32B53}"
EndProject
Global
	GlobalSection(SolutionConfigurationPlatforms) = preSolution
		Debug|Any CPU = Debug|Any CPU
		Release|Any CPU = Release|Any CPU
	EndGlobalSection
	GlobalSection(ProjectConfigurationPlatforms) = postSolution
		{55BDF8BC-8AFD-4D4D-90B9-F6443AD32B53}.Debug|Any CPU.ActiveCfg = Debug|Any CPU
		{55BDF8BC-8AFD-4D4D-90B9-F6443AD32B53}.Debug|Any CPU.Build.0 = Debug|Any CPU
		{55BDF8BC-8AFD-4D4D-90B9-F6443AD32B53}.Release|Any CPU.ActiveCfg = Release|Any CPU
		{55BDF8BC-8AFD-4D4D-90B9-F6443AD32B53}.Release|Any CPU.Build.0 = Release|Any CPU
	EndGlobalSection
	GlobalSection(SolutionProperties) = preSolution
		HideSolutionNode = FALSE
	EndGlobalSection
	GlobalSection(ExtensibilityGlobals) = postSolution
		SolutionGuid = {B01E8F7D-AD7D-4D21-A17A-03CF45CFD64B}
	EndGlobalSection
EndGlobal
